{
  "name": "disposable-email-detector",
  "version": "1.0.0",
  "lockfileVersion": 2,
  "requires": true,
  "packages": {
    "": {
      "name": "disposable-email-detector",
      "version": "3.0.0",
      "license": "MIT",
      "dependencies": {
        "disposable-email-detector": "^3.0.0"
      },
      "devDependencies": {
        "@types/node": "^20.11.25",
        "typescript": "^5.4.2"
      }
    },
    "node_modules/@types/node": {
      "version": "20.17.23",
      "resolved": "https://registry.npmjs.org/@types/node/-/node-20.17.23.tgz",
      "integrity": "sha512-8PCGZ1ZJbEZuYNTMqywO+Sj4vSKjSjT6Ua+6RFOYlEvIvKQABPtrNkoVSLSKDb4obYcMhspVKmsw8Cm10NFRUg==",
      "dev": true,
      "dependencies": {
        "undici-types": "~6.19.2"
      }
    },
    "node_modules/disposable-email-detector": {
      "version": "3.0.0",
      "resolved": "https://registry.npmjs.org/disposable-email-detector/-/disposable-email-detector-3.0.0.tgz",
      "integrity": "sha512-q/7bq+vXAupa8Z9eGlrpJ8qJ0Q3j8cgs15qvvdJNVnmFso8ludFFBVXoj4ALRfy66K92T9xdyWxl98RX9jlAiw==",
      "dependencies": {
        "disposable-email-detector": "^1.0.1"
      }
    },
    "node_modules/disposable-email-detector/node_modules/disposable-email-detector": {
      "version": "1.0.3",
      "resolved": "https://registry.npmjs.org/disposable-email-detector/-/disposable-email-detector-1.0.3.tgz",
      "integrity": "sha512-hqVTnwz4B8iuFefKcp6I3m8J/ZXiNzBZROD2t3lS2cZlo+/hkKrsMvn9i9wyuXTGZ0WUblC8h/gSzybF9nVWiQ==",
      "dependencies": {
        "disposable-email-detector": "^1.0.1"
      }
    },
    "node_modules/typescript": {
      "version": "5.8.2",
      "resolved": "https://registry.npmjs.org/typescript/-/typescript-5.8.2.tgz",
      "integrity": "sha512-aJn6wq13/afZp/jT9QZmwEjDqqvSGp1VT5GVg+f/t6/oVyrgXM6BY1h9BRh/O5p3PlUPAe+WuiEZOmb/49RqoQ==",
      "dev": true,
      "bin": {
        "tsc": "bin/tsc",
        "tsserver": "bin/tsserver"
      },
      "engines": {
        "node": ">=14.17"
      }
    },
    "node_modules/undici-types": {
      "version": "6.19.8",
      "resolved": "https://registry.npmjs.org/undici-types/-/undici-types-6.19.8.tgz",
      "integrity": "sha512-ve2KP6f/JnbPBFyobGHuerC9g1FYGn/F8n1LWTwNxCEzd6IfqTwUQcNXgEtmmQ6DlRrC1hrSrBnCZPokRrDHjw==",
      "dev": true
    }
  },
  "dependencies": {
    "@types/node": {
      "version": "20.17.23",
      "resolved": "https://registry.npmjs.org/@types/node/-/node-20.17.23.tgz",
      "integrity": "sha512-8PCGZ1ZJbEZuYNTMqywO+Sj4vSKjSjT6Ua+6RFOYlEvIvKQABPtrNkoVSLSKDb4obYcMhspVKmsw8Cm10NFRUg==",
      "dev": true,
      "requires": {
        "undici-types": "~6.19.2"
      }
    },
    "disposable-email-detector": {
      "version": "3.0.0",
      "resolved": "https://registry.npmjs.org/disposable-email-detector/-/disposable-email-detector-3.0.0.tgz",
      "integrity": "sha512-q/7bq+vXAupa8Z9eGlrpJ8qJ0Q3j8cgs15qvvdJNVnmFso8ludFFBVXoj4ALRfy66K92T9xdyWxl98RX9jlAiw==",
      "requires": {
        "disposable-email-detector": "^1.0.1"
      },
      "dependencies": {
        "disposable-email-detector": {
          "version": "1.0.3",
          "resolved": "https://registry.npmjs.org/disposable-email-detector/-/disposable-email-detector-1.0.3.tgz",
          "integrity": "sha512-hqVTnwz4B8iuFefKcp6I3m8J/ZXiNzBZROD2t3lS2cZlo+/hkKrsMvn9i9wyuXTGZ0WUblC8h/gSzybF9nVWiQ==",
          "requires": {
            "disposable-email-detector": "^1.0.1"
          }
        }
      }
    },
    "typescript": {
      "version": "5.8.2",
      "resolved": "https://registry.npmjs.org/typescript/-/typescript-5.8.2.tgz",
      "integrity": "sha512-aJn6wq13/afZp/jT9QZmwEjDqqvSGp1VT5GVg+f/t6/oVyrgXM6BY1h9BRh/O5p3PlUPAe+WuiEZOmb/49RqoQ==",
      "dev": true
    },
    "undici-types": {
      "version": "6.19.8",
      "resolved": "https://registry.npmjs.org/undici-types/-/undici-types-6.19.8.tgz",
      "integrity": "sha512-ve2KP6f/JnbPBFyobGHuerC9g1FYGn/F8n1LWTwNxCEzd6IfqTwUQcNXgEtmmQ6DlRrC1hrSrBnCZPokRrDHjw==",
      "dev": true
    }
  }
}